
Microsoft Visual Studio Solution File, Format Version 12.00
# Visual Studio Version 16
VisualStudioVersion = 25.0.1706.7
MinimumVisualStudioVersion = 10.0.40219.1
Project("{FAE04EC0-301F-11D3-BF4B-00C04F79EFBC}") = "Week3", "Week3\Week3.csproj", "{1C715D3F-EAFB-4DBA-AF87-EF1ABCAB7E57}"
EndProject
Project("{FAE04EC0-301F-11D3-BF4B-00C04F79EFBC}") = "OddOfEvent", "OddOfEvent\OddOfEvent.csproj", "{80EB5F64-8F4C-4E60-A900-9487A4F578FF}"
EndProject
Project("{FAE04EC0-301F-11D3-BF4B-00C04F79EFBC}") = "IfDayOfTheWeek", "IfDayOfTheWeek\IfDayOfTheWeek.csproj", "{0489A1E4-2231-4902-9EBD-7F8DDF74A310}"
EndProject
Project("{FAE04EC0-301F-11D3-BF4B-00C04F79EFBC}") = "SwitchDayOfTheWeek", "SwitchDayOfTheWeek\SwitchDayOfTheWeek.csproj", "{9A35AC70-26AF-42C0-920F-D300B926789C}"
EndProject
Project("{FAE04EC0-301F-11D3-BF4B-00C04F79EFBC}") = "Week3Hindeline", "Week3Hindeline\Week3Hindeline.csproj", "{A4172902-1ED0-475F-8382-D2C12DCCA841}"
EndProject
Project("{FAE04EC0-301F-11D3-BF4B-00C04F79EFBC}") = "Week3HindelineSwitch", "Week3HindelineSwitch\Week3HindelineSwitch.csproj", "{F9A6487D-8D69-49BF-A643-C8230F4913F0}"
EndProject
Global
	GlobalSection(SolutionConfigurationPlatforms) = preSolution
		Debug|Any CPU = Debug|Any CPU
		Release|Any CPU = Release|Any CPU
	EndGlobalSection
	GlobalSection(ProjectConfigurationPlatforms) = postSolution
		{1C715D3F-EAFB-4DBA-AF87-EF1ABCAB7E57}.Debug|Any CPU.ActiveCfg = Debug|Any CPU
		{1C715D3F-EAFB-4DBA-AF87-EF1ABCAB7E57}.Debug|Any CPU.Build.0 = Debug|Any CPU
		{1C715D3F-EAFB-4DBA-AF87-EF1ABCAB7E57}.Release|Any CPU.ActiveCfg = Release|Any CPU
		{1C715D3F-EAFB-4DBA-AF87-EF1ABCAB7E57}.Release|Any CPU.Build.0 = Release|Any CPU
		{80EB5F64-8F4C-4E60-A900-9487A4F578FF}.Debug|Any CPU.ActiveCfg = Debug|Any CPU
		{80EB5F64-8F4C-4E60-A900-9487A4F578FF}.Debug|Any CPU.Build.0 = Debug|Any CPU
		{80EB5F64-8F4C-4E60-A900-9487A4F578FF}.Release|Any CPU.ActiveCfg = Release|Any CPU
		{80EB5F64-8F4C-4E60-A900-9487A4F578FF}.Release|Any CPU.Build.0 = Release|Any CPU
		{0489A1E4-2231-4902-9EBD-7F8DDF74A310}.Debug|Any CPU.ActiveCfg = Debug|Any CPU
		{0489A1E4-2231-4902-9EBD-7F8DDF74A310}.Debug|Any CPU.Build.0 = Debug|Any CPU
		{0489A1E4-2231-4902-9EBD-7F8DDF74A310}.Release|Any CPU.ActiveCfg = Release|Any CPU
		{0489A1E4-2231-4902-9EBD-7F8DDF74A310}.Release|Any CPU.Build.0 = Release|Any CPU
		{9A35AC70-26AF-42C0-920F-D300B926789C}.Debug|Any CPU.ActiveCfg = Debug|Any CPU
		{9A35AC70-26AF-42C0-920F-D300B926789C}.Debug|Any CPU.Build.0 = Debug|Any CPU
		{9A35AC70-26AF-42C0-920F-D300B926789C}.Release|Any CPU.ActiveCfg = Release|Any CPU
		{9A35AC70-26AF-42C0-920F-D300B926789C}.Release|Any CPU.Build.0 = Release|Any CPU
		{A4172902-1ED0-475F-8382-D2C12DCCA841}.Debug|Any CPU.ActiveCfg = Debug|Any CPU
		{A4172902-1ED0-475F-8382-D2C12DCCA841}.Debug|Any CPU.Build.0 = Debug|Any CPU
		{A4172902-1ED0-475F-8382-D2C12DCCA841}.Release|Any CPU.ActiveCfg = Release|Any CPU
		{A4172902-1ED0-475F-8382-D2C12DCCA841}.Release|Any CPU.Build.0 = Release|Any CPU
		{F9A6487D-8D69-49BF-A643-C8230F4913F0}.Debug|Any CPU.ActiveCfg = Debug|Any CPU
		{F9A6487D-8D69-49BF-A643-C8230F4913F0}.Debug|Any CPU.Build.0 = Debug|Any CPU
		{F9A6487D-8D69-49BF-A643-C8230F4913F0}.Release|Any CPU.ActiveCfg = Release|Any CPU
		{F9A6487D-8D69-49BF-A643-C8230F4913F0}.Release|Any CPU.Build.0 = Release|Any CPU
	EndGlobalSection
	GlobalSection(SolutionProperties) = preSolution
		HideSolutionNode = FALSE
	EndGlobalSection
	GlobalSection(ExtensibilityGlobals) = postSolution
		SolutionGuid = {29FBF3D0-E565-43BB-A6C3-F6ABACF8CD4F}
	EndGlobalSection
EndGlobal
